// !$*UTF8*$!
{
	archiveVersion = 1;
	classes = {
	};
	objectVersion = 46;
	objects = {

/* Begin PBXBuildFile section */
		7E20B3A81C4638A700C047A1 /* AppDelegate.m in Sources */ = {isa = PBXBuildFile; fileRef = 7E20B3A71C4638A700C047A1 /* AppDelegate.m */; };
		7E20B3AB1C4638A700C047A1 /* main.m in Sources */ = {isa = PBXBuildFile; fileRef = 7E20B3AA1C4638A700C047A1 /* main.m */; };
		7E20B3AD1C4638A700C047A1 /* Assets.xcassets in Resources */ = {isa = PBXBuildFile; fileRef = 7E20B3AC1C4638A700C047A1 /* Assets.xcassets */; };
		7E20B3B01C4638A700C047A1 /* MainMenu.xib in Resources */ = {isa = PBXBuildFile; fileRef = 7E20B3AE1C4638A700C047A1 /* MainMenu.xib */; };
/* End PBXBuildFile section */

/* Begin PBXFileReference section */
		7E20B3A31C4638A700C047A1 /* HRIconMaker.app */ = {isa = PBXFileReference; explicitFileType = wrapper.application; includeInIndex = 0; path = HRIconMaker.app; sourceTree = BUILT_PRODUCTS_DIR; };
		7E20B3A61C4638A700C047A1 /* AppDelegate.h */ = {isa = PBXFileReference; lastKnownFileType = sourcecode.c.h; path = AppDelegate.h; sourceTree = "<group>"; };
		7E20B3A71C4638A700C047A1 /* AppDelegate.m */ = {isa = PBXFileReference; lastKnownFileType = sourcecode.c.objc; path = AppDelegate.m; sourceTree = "<group>"; };
		7E20B3AA1C4638A700C047A1 /* main.m */ = {isa = PBXFileReference; lastKnownFileType = sourcecode.c.objc; path = main.m; sourceTree = "<group>"; };
		7E20B3AC1C4638A700C047A1 /* Assets.xcassets */ = {isa = PBXFileReference; lastKnownFileType = folder.assetcatalog; path = Assets.xcassets; sourceTree = "<group>"; };
		7E20B3AF1C4638A700C047A1 /* Base */ = {isa = PBXFileReference; lastKnownFileType = file.xib; name = Base; path = Base.lproj/MainMenu.xib; sourceTree = "<group>"; };
		7E20B3B11C4638A700C047A1 /* Info.plist */ = {isa = PBXFileReference; lastKnownFileType = text.plist.xml; path = Info.plist; sourceTree = "<group>"; };
/* End PBXFileReference section */

/* Begin PBXFrameworksBuildPhase section */
		7E20B3A01C4638A700C047A1 /* Frameworks */ = {
			isa = PBXFrameworksBuildPhase;
			buildActionMask = 2147483647;
			files = (
			);
			runOnlyForDeploymentPostprocessing = 0;
		};
/* End PBXFrameworksBuildPhase section */

/* Begin PBXGroup section */
		7E20B39A1C4638A700C047A1 = {
			isa = PBXGroup;
			children = (
				7E20B3A51C4638A700C047A1 /* HRIconMaker */,
				7E20B3A41C4638A700C047A1 /* Products */,
			);
			sourceTree = "<group>";
		};
		7E20B3A41C4638A700C047A1 /* Products */ = {
			isa = PBXGroup;
			children = (
				7E20B3A31C4638A700C047A1 /* HRIconMaker.app */,
			);
			name = Products;
			sourceTree = "<group>";
		};
		7E20B3A51C4638A700C047A1 /* HRIconMaker */ = {
			isa = PBXGroup;
			children = (
				7E20B3A61C4638A700C047A1 /* AppDelegate.h */,
				7E20B3A71C4638A700C047A1 /* AppDelegate.m */,
				7E20B3AC1C4638A700C047A1 /* Assets.xcassets */,
				7E20B3AE1C4638A700C047A1 /* MainMenu.xib */,
				7E20B3B11C4638A700C047A1 /* Info.plist */,
				7E20B3A91C4638A700C047A1 /* Supporting Files */,
			);
			path = HRIconMaker;
			sourceTree = "<group>";
		};
		7E20B3A91C4638A700C047A1 /* Supporting Files */ = {
			isa = PBXGroup;
			children = (
				7E20B3AA1C4638A700C047A1 /* main.m */,
			);
			name = "Supporting Files";
			sourceTree = "<group>";
		};
/* End PBXGroup section */

/* Begin PBXNativeTarget section */
		7E20B3A21C4638A700C047A1 /* HRIconMaker */ = {
			isa = PBXNativeTarget;
			buildConfigurationList = 7E20B3B41C4638A700C047A1 /* Build configuration list for PBXNativeTarget "HRIconMaker" */;
			buildPhases = (
				7E20B39F1C4638A700C047A1 /* Sources */,
				7E20B3A01C4638A700C047A1 /* Frameworks */,
				7E20B3A11C4638A700C047A1 /* Resources */,
			);
			buildRules = (
			);
			dependencies = (
			);
			name = HRIconMaker;
			productName = HRIconMaker;
			productReference = 7E20B3A31C4638A700C047A1 /* HRIconMaker.app */;
			productType = "com.apple.product-type.application";
		};
/* End PBXNativeTarget section */

/* Begin PBXProject section */
		7E20B39B1C4638A700C047A1 /* Project object */ = {
			isa = PBXProject;
			attributes = {
				LastUpgradeCheck = 0720;
				ORGANIZATIONNAME = ZhangHeng;
				TargetAttributes = {
					7E20B3A21C4638A700C047A1 = {
						CreatedOnToolsVersion = 7.2;
					};
				};
			};
			buildConfigurationList = 7E20B39E1C4638A700C047A1 /* Build configuration list for PBXProject "HRIconMaker" */;
			compatibilityVersion = "Xcode 3.2";
			developmentRegion = English;
			hasScannedForEncodings = 0;
			knownRegions = (
				en,
				Base,
			);
			mainGroup = 7E20B39A1C4638A700C047A1;
			productRefGroup = 7E20B3A41C4638A700C047A1 /* Products */;
			projectDirPath = "";
			projectRoot = "";
			targets = (
				7E20B3A21C4638A700C047A1 /* HRIconMaker */,
			);
		};
/* End PBXProject section */

/* Begin PBXResourcesBuildPhase section */
		7E20B3A11C4638A700C047A1 /* Resources */ = {
			isa = PBXResourcesBuildPhase;
			buildActionMask = 2147483647;
			files = (
				7E20B3AD1C4638A700C047A1 /* Assets.xcassets in Resources */,
				7E20B3B01C4638A700C047A1 /* MainMenu.xib in Resources */,
			);
			runOnlyForDeploymentPostprocessing = 0;
		};
/* End PBXResourcesBuildPhase section */

/* Begin PBXSourcesBuildPhase section */
		7E20B39F1C4638A700C047A1 /* Sources */ = {
			isa = PBXSourcesBuildPhase;
			buildActionMask = 2147483647;
			files = (
				7E20B3AB1C4638A700C047A1 /* main.m in Sources */,
				7E20B3A81C4638A700C047A1 /* AppDelegate.m in Sources */,
			);
			runOnlyForDeploymentPostprocessing = 0;
		};
/* End PBXSourcesBuildPhase section */

/* Begin PBXVariantGroup section */
		7E20B3AE1C4638A700C047A1 /* MainMenu.xib */ = {
			isa = PBXVariantGroup;
			children = (
				7E20B3AF1C4638A700C047A1 /* Base */,
			);
			name = MainMenu.xib;
			sourceTree = "<group>";
		};
/* End PBXVariantGroup section */

/* Begin XCBuildConfiguration section */
		7E20B3B21C4638A700C047A1 /* Debug */ = {
			isa = XCBuildConfiguration;
			buildSettings = {
				ALWAYS_SEARCH_USER_PATHS = NO;
				CLANG_CXX_LANGUAGE_STANDARD = "gnu++0x";
				CLANG_CXX_LIBRARY = "libc++";
				CLANG_ENABLE_MODULES = YES;
				CLANG_ENABLE_OBJC_ARC = YES;
				CLANG_WARN_BOOL_CONVERSION = YES;
				CLANG_WARN_CONSTANT_CONVERSION = YES;
				CLANG_WARN_DIRECT_OBJC_ISA_USAGE = YES_ERROR;
				CLANG_WARN_EMPTY_BODY = YES;
				CLANG_WARN_ENUM_CONVERSION = YES;
				CLANG_WARN_INT_CONVERSION = YES;
				CLANG_WARN_OBJC_ROOT_CLASS = YES_ERROR;
				CLANG_WARN_UNREACHABLE_CODE = YES;
				CLANG_WARN__DUPLICATE_METHOD_MATCH = YES;
				CODE_SIGN_IDENTITY = "-";
				COPY_PHASE_STRIP = NO;
				DEBUG_INFORMATION_FORMAT = dwarf;
				ENABLE_STRICT_OBJC_MSGSEND = YES;
				ENABLE_TESTABILITY = YES;
				GCC_C_LANGUAGE_STANDARD = gnu99;
				GCC_DYNAMIC_NO_PIC = NO;
				GCC_NO_COMMON_BLOCKS = YES;
				GCC_OPTIMIZATION_LEVEL = 0;
				GCC_PREPROCESSOR_DEFINITIONS = (
					"DEBUG=1",
					"$(inherited)",
				);
				GCC_WARN_64_TO_32_BIT_CONVERSION = YES;
				GCC_WARN_ABOUT_RETURN_TYPE = YES_ERROR;
				GCC_WARN_UNDECLARED_SELECTOR = YES;
				GCC_WARN_UNINITIALIZED_AUTOS = YES_AGGRESSIVE;
				GCC_WARN_UNUSED_FUNCTION = YES;
				GCC_WARN_UNUSED_VARIABLE = YES;
				MACOSX_DEPLOYMENT_TARGET = 10.11;
				MTL_ENABLE_DEBUG_INFO = YES;
				ONLY_ACTIVE_ARCH = YES;
				SDKROOT = macosx;
			};
			name = Debug;
		};
		7E20B3B31C4638A700C047A1 /* Release */ = {
			isa = XCBuildConfiguration;
			buildSettings = {
				ALWAYS_SEARCH_USER_PATHS = NO;
				CLANG_CXX_LANGUAGE_STANDARD = "gnu++0x";
				CLANG_CXX_LIBRARY = "libc++";
				CLANG_ENABLE_MODULES = YES;
				CLANG_ENABLE_OBJC_ARC = YES;
				CLANG_WARN_BOOL_CONVERSION = YES;
				CLANG_WARN_CONSTANT_CONVERSION = YES;
				CLANG_WARN_DIRECT_OBJC_ISA_USAGE = YES_ERROR;
				CLANG_WARN_EMPTY_BODY = YES;
				CLANG_WARN_ENUM_CONVERSION = YES;
				CLANG_WARN_INT_CONVERSION = YES;
				CLANG_WARN_OBJC_ROOT_CLASS = YES_ERROR;
				CLANG_WARN_UNREACHABLE_CODE = YES;
				CLANG_WARN__DUPLICATE_METHOD_MATCH = YES;
				CODE_SIGN_IDENTITY = "-";
				COPY_PHASE_STRIP = NO;
				DEBUG_INFORMATION_FORMAT = "dwarf-with-dsym";
				ENABLE_NS_ASSERTIONS = NO;
				ENABLE_STRICT_OBJC_MSGSEND = YES;
				GCC_C_LANGUAGE_STANDARD = gnu99;
				GCC_NO_COMMON_BLOCKS = YES;
				GCC_WARN_64_TO_32_BIT_CONVERSION = YES;
				GCC_WARN_ABOUT_RETURN_TYPE = YES_ERROR;
				GCC_WARN_UNDECLARED_SELECTOR = YES;
				GCC_WARN_UNINITIALIZED_AUTOS = YES_AGGRESSIVE;
				GCC_WARN_UNUSED_FUNCTION = YES;
				GCC_WARN_UNUSED_VARIABLE = YES;
				MACOSX_DEPLOYMENT_TARGET = 10.11;
				MTL_ENABLE_DEBUG_INFO = NO;
				SDKROOT = macosx;
			};
			name = Release;
		};
		7E20B3B51C4638A700C047A1 /* Debug */ = {
			isa = XCBuildConfiguration;
			buildSettings = {
				ASSETCATALOG_COMPILER_APPICON_NAME = AppIcon;
				COMBINE_HIDPI_IMAGES = YES;
				INFOPLIST_FILE = HRIconMaker/Info.plist;
				LD_RUNPATH_SEARCH_PATHS = "$(inherited) @executable_path/../Frameworks";
				PRODUCT_BUNDLE_IDENTIFIER = com.henry.HRIconMaker;
				PRODUCT_NAME = "$(TARGET_NAME)";
			};
			name = Debug;
		};
		7E20B3B61C4638A700C047A1 /* Release */ = {
			isa = XCBuildConfiguration;
			buildSettings = {
				ASSETCATALOG_COMPILER_APPICON_NAME = AppIcon;
				COMBINE_HIDPI_IMAGES = YES;
				INFOPLIST_FILE = HRIconMaker/Info.plist;
				LD_RUNPATH_SEARCH_PATHS = "$(inherited) @executable_path/../Frameworks";
				PRODUCT_BUNDLE_IDENTIFIER = com.henry.HRIconMaker;
				PRODUCT_NAME = "$(TARGET_NAME)";
			};
			name = Release;
		};
/* End XCBuildConfiguration section */

/* Begin XCConfigurationList section */
		7E20B39E1C4638A700C047A1 /* Build configuration list for PBXProject "HRIconMaker" */ = {
			isa = XCConfigurationList;
			buildConfigurations = (
				7E20B3B21C4638A700C047A1 /* Debug */,
				7E20B3B31C4638A700C047A1 /* Release */,
			);
			defaultConfigurationIsVisible = 0;
			defaultConfigurationName = Release;
		};
		7E20B3B41C4638A700C047A1 /* Build configuration list for PBXNativeTarget "HRIconMaker" */ = {
			isa = XCConfigurationList;
			buildConfigurations = (
				7E20B3B51C4638A700C047A1 /* Debug */,
				7E20B3B61C4638A700C047A1 /* Release */,
			);
			defaultConfigurationIsVisible = 0;
		};
/* End XCConfigurationList section */
	};
	rootObject = 7E20B39B1C4638A700C047A1 /* Project object */;
}
